schema: '2.0'
stages:
  split_data:
    cmd: python src/split_data.py
    deps:
    - path: raw.csv
      hash: md5
      md5: 617b56af2992376d5c3e91ad80823898
      size: 333757
    - path: src/split_data.py
      hash: md5
      md5: 2b065625393be6e3be20ad79ff1c6dd2
      size: 1005
    outs:
    - path: data/processed/X_test.csv
      hash: md5
      md5: b6c2910e3b3fc562c5b516b63fc3e22c
      size: 59909
    - path: data/processed/X_train.csv
      hash: md5
      md5: ef01f67c035349e375300528a99938f5
      size: 238533
    - path: data/processed/y_test.csv
      hash: md5
      md5: a051d29629c8bbb4cfb7e85c7f0315da
      size: 6456
    - path: data/processed/y_train.csv
      hash: md5
      md5: a9cd9d91da89f732843d72548f64ded3
      size: 25951
  scale_data:
    cmd: python src/scale_data.py
    deps:
    - path: data/processed/X_test.csv
      hash: md5
      md5: b6c2910e3b3fc562c5b516b63fc3e22c
      size: 59909
    - path: data/processed/X_train.csv
      hash: md5
      md5: ef01f67c035349e375300528a99938f5
      size: 238533
    - path: src/scale_data.py
      hash: md5
      md5: 7e59b7fb3fd8cc56a69d2bf37a85376a
      size: 2107
    outs:
    - path: data/processed/X_test_scaled.csv
      hash: md5
      md5: 1c0b164e3bce44262910a3d76e4e3f8b
      size: 72644
    - path: data/processed/X_train_scaled.csv
      hash: md5
      md5: d93961e6c4181abdf86bc710ec0ec3cc
      size: 289792
  grid_search:
    cmd: python src/grid_search.py
    deps:
    - path: data/processed/X_train_scaled.csv
      hash: md5
      md5: d93961e6c4181abdf86bc710ec0ec3cc
      size: 289792
    - path: data/processed/y_train.csv
      hash: md5
      md5: a9cd9d91da89f732843d72548f64ded3
      size: 25951
    - path: src/grid_search.py
      hash: md5
      md5: 01ae14924ecc5c85b3f4dfc32c026f50
      size: 821
    outs:
    - path: models/best_params.json
      hash: md5
      md5: 9416c3bac97acc8431fe61da85b6f624
      size: 38
  train_model:
    cmd: python src/train_model.py
    deps:
    - path: data/processed/X_train_scaled.csv
      hash: md5
      md5: d93961e6c4181abdf86bc710ec0ec3cc
      size: 289792
    - path: data/processed/y_train.csv
      hash: md5
      md5: a9cd9d91da89f732843d72548f64ded3
      size: 25951
    - path: models/best_params.json
      hash: md5
      md5: 9416c3bac97acc8431fe61da85b6f624
      size: 38
    - path: src/train_model.py
      hash: md5
      md5: 5a88f0caba9d6373cf4ec4d30ea3c7c7
      size: 708
    outs:
    - path: models/model.pkl
      hash: md5
      md5: 2055d68f1ea856abb62422fad8c0c651
      size: 12978225
  evaluate_model:
    cmd: python src/evaluate_model.py
    deps:
    - path: data/processed/X_test_scaled.csv
      hash: md5
      md5: 1c0b164e3bce44262910a3d76e4e3f8b
      size: 72644
    - path: data/processed/y_test.csv
      hash: md5
      md5: a051d29629c8bbb4cfb7e85c7f0315da
      size: 6456
    - path: models/model.pkl
      hash: md5
      md5: 2055d68f1ea856abb62422fad8c0c651
      size: 12978225
    - path: src/evaluate_model.py
      hash: md5
      md5: 72b689bbcfd7d6cbc8ccbed5b2686f78
      size: 733
    outs:
    - path: metrics/metrics.json
      hash: md5
      md5: 65d09f00082bf125595137c27a9a7d98
      size: 53
